
Microsoft Visual Studio Solution File, Format Version 12.00
# Visual Studio Version 16
VisualStudioVersion = 16.0.31025.194
MinimumVisualStudioVersion = 10.0.40219.1
Project("{FAE04EC0-301F-11D3-BF4B-00C04F79EFBC}") = "BlazorStudy", "BlazorStudy\BlazorStudy.csproj", "{48E284DC-C441-4A4F-9CDD-2D73999903DA}"
EndProject
Global
	GlobalSection(SolutionConfigurationPlatforms) = preSolution
		Debug|Any CPU = Debug|Any CPU
		Release|Any CPU = Release|Any CPU
	EndGlobalSection
	GlobalSection(ProjectConfigurationPlatforms) = postSolution
		{48E284DC-C441-4A4F-9CDD-2D73999903DA}.Debug|Any CPU.ActiveCfg = Debug|Any CPU
		{48E284DC-C441-4A4F-9CDD-2D73999903DA}.Debug|Any CPU.Build.0 = Debug|Any CPU
		{48E284DC-C441-4A4F-9CDD-2D73999903DA}.Release|Any CPU.ActiveCfg = Release|Any CPU
		{48E284DC-C441-4A4F-9CDD-2D73999903DA}.Release|Any CPU.Build.0 = Release|Any CPU
	EndGlobalSection
	GlobalSection(SolutionProperties) = preSolution
		HideSolutionNode = FALSE
	EndGlobalSection
	GlobalSection(ExtensibilityGlobals) = postSolution
		SolutionGuid = {3FECB261-D701-43ED-8515-8A6202BAEE15}
	EndGlobalSection
EndGlobal
